
Microsoft Visual Studio Solution File, Format Version 12.00
# Visual Studio 15
VisualStudioVersion = 15.0.28307.572
MinimumVisualStudioVersion = 10.0.40219.1
Project("{FAE04EC0-301F-11D3-BF4B-00C04F79EFBC}") = "WorkOrderManager", "WorkOrderManager\WorkOrderManager.csproj", "{E901C972-8364-441C-BA58-E79658E77A1D}"
EndProject
Project("{FAE04EC0-301F-11D3-BF4B-00C04F79EFBC}") = "BOMOrderManager", "BOMOrderManager\BOMOrderManager.csproj", "{BA7C41B3-D38A-467A-932F-10C6B881A9A0}"
EndProject
Project("{FAE04EC0-301F-11D3-BF4B-00C04F79EFBC}") = "Carrier", "Carrier\Carrier.csproj", "{9B1AA097-81E8-4980-A382-1C229DB8D01E}"
EndProject
Project("{FAE04EC0-301F-11D3-BF4B-00C04F79EFBC}") = "ProductionArea", "ProductionArea\ProductionArea.csproj", "{4B023DA6-10C0-4A93-A11A-65AFD3257F3C}"
EndProject
Global
	GlobalSection(SolutionConfigurationPlatforms) = preSolution
		Debug|Any CPU = Debug|Any CPU
		Release|Any CPU = Release|Any CPU
	EndGlobalSection
	GlobalSection(ProjectConfigurationPlatforms) = postSolution
		{E901C972-8364-441C-BA58-E79658E77A1D}.Debug|Any CPU.ActiveCfg = Debug|Any CPU
		{E901C972-8364-441C-BA58-E79658E77A1D}.Debug|Any CPU.Build.0 = Debug|Any CPU
		{E901C972-8364-441C-BA58-E79658E77A1D}.Release|Any CPU.ActiveCfg = Release|Any CPU
		{E901C972-8364-441C-BA58-E79658E77A1D}.Release|Any CPU.Build.0 = Release|Any CPU
		{BA7C41B3-D38A-467A-932F-10C6B881A9A0}.Debug|Any CPU.ActiveCfg = Debug|Any CPU
		{BA7C41B3-D38A-467A-932F-10C6B881A9A0}.Debug|Any CPU.Build.0 = Debug|Any CPU
		{BA7C41B3-D38A-467A-932F-10C6B881A9A0}.Release|Any CPU.ActiveCfg = Release|Any CPU
		{BA7C41B3-D38A-467A-932F-10C6B881A9A0}.Release|Any CPU.Build.0 = Release|Any CPU
		{9B1AA097-81E8-4980-A382-1C229DB8D01E}.Debug|Any CPU.ActiveCfg = Debug|Any CPU
		{9B1AA097-81E8-4980-A382-1C229DB8D01E}.Debug|Any CPU.Build.0 = Debug|Any CPU
		{9B1AA097-81E8-4980-A382-1C229DB8D01E}.Release|Any CPU.ActiveCfg = Release|Any CPU
		{9B1AA097-81E8-4980-A382-1C229DB8D01E}.Release|Any CPU.Build.0 = Release|Any CPU
		{4B023DA6-10C0-4A93-A11A-65AFD3257F3C}.Debug|Any CPU.ActiveCfg = Debug|Any CPU
		{4B023DA6-10C0-4A93-A11A-65AFD3257F3C}.Debug|Any CPU.Build.0 = Debug|Any CPU
		{4B023DA6-10C0-4A93-A11A-65AFD3257F3C}.Release|Any CPU.ActiveCfg = Release|Any CPU
		{4B023DA6-10C0-4A93-A11A-65AFD3257F3C}.Release|Any CPU.Build.0 = Release|Any CPU
	EndGlobalSection
	GlobalSection(SolutionProperties) = preSolution
		HideSolutionNode = FALSE
	EndGlobalSection
	GlobalSection(ExtensibilityGlobals) = postSolution
		SolutionGuid = {6E59F3A1-089F-4D6D-A255-7F8DDA4DC0FA}
	EndGlobalSection
EndGlobal
